
Microsoft Visual Studio Solution File, Format Version 12.00
# Visual Studio 15
VisualStudioVersion = 15.0.27428.2037
MinimumVisualStudioVersion = 10.0.40219.1
Project("{FAE04EC0-301F-11D3-BF4B-00C04F79EFBC}") = "CoreStandard.UI", "CoreStandard.UI\CoreStandard.UI.csproj", "{099B3932-BA81-421F-8A03-5796F82F9266}"
EndProject
Project("{FAE04EC0-301F-11D3-BF4B-00C04F79EFBC}") = "HelloWorld", "HelloWorld\HelloWorld.csproj", "{EB5828B8-406A-429D-9B15-EAC19D192CDD}"
EndProject
Project("{FAE04EC0-301F-11D3-BF4B-00C04F79EFBC}") = "HelloWorld-Full", "HelloWorld-Full\HelloWorld-Full.csproj", "{F6A731DB-B916-4DE6-96EE-524CD4975BD9}"
EndProject
Global
	GlobalSection(SolutionConfigurationPlatforms) = preSolution
		Debug|Any CPU = Debug|Any CPU
		Release|Any CPU = Release|Any CPU
	EndGlobalSection
	GlobalSection(ProjectConfigurationPlatforms) = postSolution
		{099B3932-BA81-421F-8A03-5796F82F9266}.Debug|Any CPU.ActiveCfg = Debug|Any CPU
		{099B3932-BA81-421F-8A03-5796F82F9266}.Debug|Any CPU.Build.0 = Debug|Any CPU
		{099B3932-BA81-421F-8A03-5796F82F9266}.Release|Any CPU.ActiveCfg = Release|Any CPU
		{099B3932-BA81-421F-8A03-5796F82F9266}.Release|Any CPU.Build.0 = Release|Any CPU
		{EB5828B8-406A-429D-9B15-EAC19D192CDD}.Debug|Any CPU.ActiveCfg = Debug|Any CPU
		{EB5828B8-406A-429D-9B15-EAC19D192CDD}.Debug|Any CPU.Build.0 = Debug|Any CPU
		{EB5828B8-406A-429D-9B15-EAC19D192CDD}.Release|Any CPU.ActiveCfg = Release|Any CPU
		{EB5828B8-406A-429D-9B15-EAC19D192CDD}.Release|Any CPU.Build.0 = Release|Any CPU
		{F6A731DB-B916-4DE6-96EE-524CD4975BD9}.Debug|Any CPU.ActiveCfg = Debug|Any CPU
		{F6A731DB-B916-4DE6-96EE-524CD4975BD9}.Debug|Any CPU.Build.0 = Debug|Any CPU
		{F6A731DB-B916-4DE6-96EE-524CD4975BD9}.Release|Any CPU.ActiveCfg = Release|Any CPU
		{F6A731DB-B916-4DE6-96EE-524CD4975BD9}.Release|Any CPU.Build.0 = Release|Any CPU
	EndGlobalSection
	GlobalSection(SolutionProperties) = preSolution
		HideSolutionNode = FALSE
	EndGlobalSection
	GlobalSection(ExtensibilityGlobals) = postSolution
		SolutionGuid = {DA41285D-9D5A-4060-892D-714F1D68298C}
	EndGlobalSection
EndGlobal
